
Microsoft Visual Studio Solution File, Format Version 12.00
# Visual Studio Version 17
VisualStudioVersion = 17.0.31903.59
MinimumVisualStudioVersion = 10.0.40219.1
Project("{FAE04EC0-301F-11D3-BF4B-00C04F79EFBC}") = "Tasker.API", "Tasker.API\Tasker.API.csproj", "{1B2CFBB5-84DC-4A31-A713-9C62F2611EA3}"
EndProject
Project("{FAE04EC0-301F-11D3-BF4B-00C04F79EFBC}") = "Tasker.UI", "Tasker.UI\Tasker.UI.csproj", "{E3CD93E2-DA15-4685-A0AA-9CFF0E45B4C9}"
EndProject
Project("{FAE04EC0-301F-11D3-BF4B-00C04F79EFBC}") = "Tasker.Tests", "Tasker.Tests\Tasker.Tests.csproj", "{AC65A6C1-9507-4DDB-9C29-4396CB2FBB73}"
EndProject
Project("{FAE04EC0-301F-11D3-BF4B-00C04F79EFBC}") = "Tasker.Infrastructure", "Tasker.Infrastructure\Tasker.Infrastructure.csproj", "{8F5065E8-BD66-4FC7-9766-2DBDD8628758}"
EndProject
Project("{FAE04EC0-301F-11D3-BF4B-00C04F79EFBC}") = "Tasker.Application", "Tasker.Application\Tasker.Application.csproj", "{C4CC28A8-25D4-4071-AF81-8C8ED2B4064B}"
EndProject
Project("{FAE04EC0-301F-11D3-BF4B-00C04F79EFBC}") = "Tasker.Domain", "Tasker.Domain\Tasker.Domain.csproj", "{B68D82F7-75EA-408C-9A83-82EB2F921B78}"
EndProject
Project("{FAE04EC0-301F-11D3-BF4B-00C04F79EFBC}") = "Tasker.Enums", "Tasker.Enums\Tasker.Enums.csproj", "{6364F595-D8FF-465B-94ED-2F11A403D6D3}"
EndProject
Global
	GlobalSection(SolutionConfigurationPlatforms) = preSolution
		Debug|Any CPU = Debug|Any CPU
		Debug|x64 = Debug|x64
		Debug|x86 = Debug|x86
		Release|Any CPU = Release|Any CPU
		Release|x64 = Release|x64
		Release|x86 = Release|x86
	EndGlobalSection
	GlobalSection(ProjectConfigurationPlatforms) = postSolution
		{1B2CFBB5-84DC-4A31-A713-9C62F2611EA3}.Debug|Any CPU.ActiveCfg = Debug|Any CPU
		{1B2CFBB5-84DC-4A31-A713-9C62F2611EA3}.Debug|Any CPU.Build.0 = Debug|Any CPU
		{1B2CFBB5-84DC-4A31-A713-9C62F2611EA3}.Debug|x64.ActiveCfg = Debug|Any CPU
		{1B2CFBB5-84DC-4A31-A713-9C62F2611EA3}.Debug|x64.Build.0 = Debug|Any CPU
		{1B2CFBB5-84DC-4A31-A713-9C62F2611EA3}.Debug|x86.ActiveCfg = Debug|Any CPU
		{1B2CFBB5-84DC-4A31-A713-9C62F2611EA3}.Debug|x86.Build.0 = Debug|Any CPU
		{1B2CFBB5-84DC-4A31-A713-9C62F2611EA3}.Release|Any CPU.ActiveCfg = Release|Any CPU
		{1B2CFBB5-84DC-4A31-A713-9C62F2611EA3}.Release|Any CPU.Build.0 = Release|Any CPU
		{1B2CFBB5-84DC-4A31-A713-9C62F2611EA3}.Release|x64.ActiveCfg = Release|Any CPU
		{1B2CFBB5-84DC-4A31-A713-9C62F2611EA3}.Release|x64.Build.0 = Release|Any CPU
		{1B2CFBB5-84DC-4A31-A713-9C62F2611EA3}.Release|x86.ActiveCfg = Release|Any CPU
		{1B2CFBB5-84DC-4A31-A713-9C62F2611EA3}.Release|x86.Build.0 = Release|Any CPU
		{E3CD93E2-DA15-4685-A0AA-9CFF0E45B4C9}.Debug|Any CPU.ActiveCfg = Debug|Any CPU
		{E3CD93E2-DA15-4685-A0AA-9CFF0E45B4C9}.Debug|Any CPU.Build.0 = Debug|Any CPU
		{E3CD93E2-DA15-4685-A0AA-9CFF0E45B4C9}.Debug|x64.ActiveCfg = Debug|Any CPU
		{E3CD93E2-DA15-4685-A0AA-9CFF0E45B4C9}.Debug|x64.Build.0 = Debug|Any CPU
		{E3CD93E2-DA15-4685-A0AA-9CFF0E45B4C9}.Debug|x86.ActiveCfg = Debug|Any CPU
		{E3CD93E2-DA15-4685-A0AA-9CFF0E45B4C9}.Debug|x86.Build.0 = Debug|Any CPU
		{E3CD93E2-DA15-4685-A0AA-9CFF0E45B4C9}.Release|Any CPU.ActiveCfg = Release|Any CPU
		{E3CD93E2-DA15-4685-A0AA-9CFF0E45B4C9}.Release|Any CPU.Build.0 = Release|Any CPU
		{E3CD93E2-DA15-4685-A0AA-9CFF0E45B4C9}.Release|x64.ActiveCfg = Release|Any CPU
		{E3CD93E2-DA15-4685-A0AA-9CFF0E45B4C9}.Release|x64.Build.0 = Release|Any CPU
		{E3CD93E2-DA15-4685-A0AA-9CFF0E45B4C9}.Release|x86.ActiveCfg = Release|Any CPU
		{E3CD93E2-DA15-4685-A0AA-9CFF0E45B4C9}.Release|x86.Build.0 = Release|Any CPU
		{AC65A6C1-9507-4DDB-9C29-4396CB2FBB73}.Debug|Any CPU.ActiveCfg = Debug|Any CPU
		{AC65A6C1-9507-4DDB-9C29-4396CB2FBB73}.Debug|Any CPU.Build.0 = Debug|Any CPU
		{AC65A6C1-9507-4DDB-9C29-4396CB2FBB73}.Debug|x64.ActiveCfg = Debug|Any CPU
		{AC65A6C1-9507-4DDB-9C29-4396CB2FBB73}.Debug|x64.Build.0 = Debug|Any CPU
		{AC65A6C1-9507-4DDB-9C29-4396CB2FBB73}.Debug|x86.ActiveCfg = Debug|Any CPU
		{AC65A6C1-9507-4DDB-9C29-4396CB2FBB73}.Debug|x86.Build.0 = Debug|Any CPU
		{AC65A6C1-9507-4DDB-9C29-4396CB2FBB73}.Release|Any CPU.ActiveCfg = Release|Any CPU
		{AC65A6C1-9507-4DDB-9C29-4396CB2FBB73}.Release|Any CPU.Build.0 = Release|Any CPU
		{AC65A6C1-9507-4DDB-9C29-4396CB2FBB73}.Release|x64.ActiveCfg = Release|Any CPU
		{AC65A6C1-9507-4DDB-9C29-4396CB2FBB73}.Release|x64.Build.0 = Release|Any CPU
		{AC65A6C1-9507-4DDB-9C29-4396CB2FBB73}.Release|x86.ActiveCfg = Release|Any CPU
		{AC65A6C1-9507-4DDB-9C29-4396CB2FBB73}.Release|x86.Build.0 = Release|Any CPU
		{8F5065E8-BD66-4FC7-9766-2DBDD8628758}.Debug|Any CPU.ActiveCfg = Debug|Any CPU
		{8F5065E8-BD66-4FC7-9766-2DBDD8628758}.Debug|Any CPU.Build.0 = Debug|Any CPU
		{8F5065E8-BD66-4FC7-9766-2DBDD8628758}.Debug|x64.ActiveCfg = Debug|Any CPU
		{8F5065E8-BD66-4FC7-9766-2DBDD8628758}.Debug|x64.Build.0 = Debug|Any CPU
		{8F5065E8-BD66-4FC7-9766-2DBDD8628758}.Debug|x86.ActiveCfg = Debug|Any CPU
		{8F5065E8-BD66-4FC7-9766-2DBDD8628758}.Debug|x86.Build.0 = Debug|Any CPU
		{8F5065E8-BD66-4FC7-9766-2DBDD8628758}.Release|Any CPU.ActiveCfg = Release|Any CPU
		{8F5065E8-BD66-4FC7-9766-2DBDD8628758}.Release|Any CPU.Build.0 = Release|Any CPU
		{8F5065E8-BD66-4FC7-9766-2DBDD8628758}.Release|x64.ActiveCfg = Release|Any CPU
		{8F5065E8-BD66-4FC7-9766-2DBDD8628758}.Release|x64.Build.0 = Release|Any CPU
		{8F5065E8-BD66-4FC7-9766-2DBDD8628758}.Release|x86.ActiveCfg = Release|Any CPU
		{8F5065E8-BD66-4FC7-9766-2DBDD8628758}.Release|x86.Build.0 = Release|Any CPU
		{C4CC28A8-25D4-4071-AF81-8C8ED2B4064B}.Debug|Any CPU.ActiveCfg = Debug|Any CPU
		{C4CC28A8-25D4-4071-AF81-8C8ED2B4064B}.Debug|Any CPU.Build.0 = Debug|Any CPU
		{C4CC28A8-25D4-4071-AF81-8C8ED2B4064B}.Debug|x64.ActiveCfg = Debug|Any CPU
		{C4CC28A8-25D4-4071-AF81-8C8ED2B4064B}.Debug|x64.Build.0 = Debug|Any CPU
		{C4CC28A8-25D4-4071-AF81-8C8ED2B4064B}.Debug|x86.ActiveCfg = Debug|Any CPU
		{C4CC28A8-25D4-4071-AF81-8C8ED2B4064B}.Debug|x86.Build.0 = Debug|Any CPU
		{C4CC28A8-25D4-4071-AF81-8C8ED2B4064B}.Release|Any CPU.ActiveCfg = Release|Any CPU
		{C4CC28A8-25D4-4071-AF81-8C8ED2B4064B}.Release|Any CPU.Build.0 = Release|Any CPU
		{C4CC28A8-25D4-4071-AF81-8C8ED2B4064B}.Release|x64.ActiveCfg = Release|Any CPU
		{C4CC28A8-25D4-4071-AF81-8C8ED2B4064B}.Release|x64.Build.0 = Release|Any CPU
		{C4CC28A8-25D4-4071-AF81-8C8ED2B4064B}.Release|x86.ActiveCfg = Release|Any CPU
		{C4CC28A8-25D4-4071-AF81-8C8ED2B4064B}.Release|x86.Build.0 = Release|Any CPU
		{B68D82F7-75EA-408C-9A83-82EB2F921B78}.Debug|Any CPU.ActiveCfg = Debug|Any CPU
		{B68D82F7-75EA-408C-9A83-82EB2F921B78}.Debug|Any CPU.Build.0 = Debug|Any CPU
		{B68D82F7-75EA-408C-9A83-82EB2F921B78}.Debug|x64.ActiveCfg = Debug|Any CPU
		{B68D82F7-75EA-408C-9A83-82EB2F921B78}.Debug|x64.Build.0 = Debug|Any CPU
		{B68D82F7-75EA-408C-9A83-82EB2F921B78}.Debug|x86.ActiveCfg = Debug|Any CPU
		{B68D82F7-75EA-408C-9A83-82EB2F921B78}.Debug|x86.Build.0 = Debug|Any CPU
		{B68D82F7-75EA-408C-9A83-82EB2F921B78}.Release|Any CPU.ActiveCfg = Release|Any CPU
		{B68D82F7-75EA-408C-9A83-82EB2F921B78}.Release|Any CPU.Build.0 = Release|Any CPU
		{B68D82F7-75EA-408C-9A83-82EB2F921B78}.Release|x64.ActiveCfg = Release|Any CPU
		{B68D82F7-75EA-408C-9A83-82EB2F921B78}.Release|x64.Build.0 = Release|Any CPU
		{B68D82F7-75EA-408C-9A83-82EB2F921B78}.Release|x86.ActiveCfg = Release|Any CPU
		{B68D82F7-75EA-408C-9A83-82EB2F921B78}.Release|x86.Build.0 = Release|Any CPU
		{6364F595-D8FF-465B-94ED-2F11A403D6D3}.Debug|Any CPU.ActiveCfg = Debug|Any CPU
		{6364F595-D8FF-465B-94ED-2F11A403D6D3}.Debug|Any CPU.Build.0 = Debug|Any CPU
		{6364F595-D8FF-465B-94ED-2F11A403D6D3}.Debug|x64.ActiveCfg = Debug|Any CPU
		{6364F595-D8FF-465B-94ED-2F11A403D6D3}.Debug|x64.Build.0 = Debug|Any CPU
		{6364F595-D8FF-465B-94ED-2F11A403D6D3}.Debug|x86.ActiveCfg = Debug|Any CPU
		{6364F595-D8FF-465B-94ED-2F11A403D6D3}.Debug|x86.Build.0 = Debug|Any CPU
		{6364F595-D8FF-465B-94ED-2F11A403D6D3}.Release|Any CPU.ActiveCfg = Release|Any CPU
		{6364F595-D8FF-465B-94ED-2F11A403D6D3}.Release|Any CPU.Build.0 = Release|Any CPU
		{6364F595-D8FF-465B-94ED-2F11A403D6D3}.Release|x64.ActiveCfg = Release|Any CPU
		{6364F595-D8FF-465B-94ED-2F11A403D6D3}.Release|x64.Build.0 = Release|Any CPU
		{6364F595-D8FF-465B-94ED-2F11A403D6D3}.Release|x86.ActiveCfg = Release|Any CPU
		{6364F595-D8FF-465B-94ED-2F11A403D6D3}.Release|x86.Build.0 = Release|Any CPU
	EndGlobalSection
	GlobalSection(SolutionProperties) = preSolution
		HideSolutionNode = FALSE
	EndGlobalSection
EndGlobal
